
Microsoft Visual Studio Solution File, Format Version 12.00
Project("{FAE04EC0-301F-11D3-BF4B-00C04F79EFBC}") = "ScopeFunction.Demo", "ScopeFunction.Demo\ScopeFunction.Demo.csproj", "{F396F277-D540-4570-9552-2126C3D05993}"
EndProject
Project("{FAE04EC0-301F-11D3-BF4B-00C04F79EFBC}") = "DependencyInjectionIsNotHard", "DependencyInjectionIsNotHard\DependencyInjectionIsNotHard.csproj", "{73342FEF-A694-4F4A-8649-0E63F9962562}"
EndProject
Global
	GlobalSection(SolutionConfigurationPlatforms) = preSolution
		Debug|Any CPU = Debug|Any CPU
		Release|Any CPU = Release|Any CPU
	EndGlobalSection
	GlobalSection(ProjectConfigurationPlatforms) = postSolution
		{F396F277-D540-4570-9552-2126C3D05993}.Debug|Any CPU.ActiveCfg = Debug|Any CPU
		{F396F277-D540-4570-9552-2126C3D05993}.Debug|Any CPU.Build.0 = Debug|Any CPU
		{F396F277-D540-4570-9552-2126C3D05993}.Release|Any CPU.ActiveCfg = Release|Any CPU
		{F396F277-D540-4570-9552-2126C3D05993}.Release|Any CPU.Build.0 = Release|Any CPU
		{73342FEF-A694-4F4A-8649-0E63F9962562}.Debug|Any CPU.ActiveCfg = Debug|Any CPU
		{73342FEF-A694-4F4A-8649-0E63F9962562}.Debug|Any CPU.Build.0 = Debug|Any CPU
		{73342FEF-A694-4F4A-8649-0E63F9962562}.Release|Any CPU.ActiveCfg = Release|Any CPU
		{73342FEF-A694-4F4A-8649-0E63F9962562}.Release|Any CPU.Build.0 = Release|Any CPU
	EndGlobalSection
EndGlobal
